<?xml version="1.0" encoding="utf-8"?>
<Project ToolsVersion="4.0" xmlns="http://schemas.microsoft.com/developer/msbuild/2003">
  <ItemGroup>
    <Filter Include="Source Files">
      <UniqueIdentifier>{4FC737F1-C7A5-4376-A066-2A32D752A2FF}</UniqueIdentifier>
      <Extensions>cpp;c;cc;cxx;c++;cppm;ixx;def;odl;idl;hpj;bat;asm;asmx</Extensions>
    </Filter>
    <Filter Include="Header Files">
      <UniqueIdentifier>{93995380-89BD-4b04-88EB-625FBE52EBFB}</UniqueIdentifier>
      <Extensions>h;hh;hpp;hxx;h++;hm;inl;inc;ipp;xsd</Extensions>
    </Filter>
    <Filter Include="Resource Files">
      <UniqueIdentifier>{67DA6AB6-F800-4c08-8B7A-83BB121AAD01}</UniqueIdentifier>
      <Extensions>rc;ico;cur;bmp;dlg;rc2;rct;bin;rgs;gif;jpg;jpeg;jpe;resx;tiff;tif;png;wav;mfcribbon-ms</Extensions>
    </Filter>
    <Filter Include="imgui">
      <UniqueIdentifier>{37d2e4d0-98d9-4df3-8791-a6195e2c9bc2}</UniqueIdentifier>
    </Filter>
    <Filter Include="imgui\backends">
      <UniqueIdentifier>{5d800e23-8904-4c15-a169-cae69ecfe255}</UniqueIdentifier>
    </Filter>
    <Filter Include="Resources">
      <UniqueIdentifier>{988c4187-eb58-42d9-8d5b-1980a18497b4}</UniqueIdentifier>
    </Filter>
    <Filter Include="HookD3D12">
      <UniqueIdentifier>{fa2f2729-9f9a-4521-9c96-254df584e783}</UniqueIdentifier>
    </Filter>
    <Filter Include="Database">
      <UniqueIdentifier>{9300037b-c2ee-45ec-b087-72b538b736c1}</UniqueIdentifier>
    </Filter>
    <Filter Include="GUI">
      <UniqueIdentifier>{94385295-16c8-40e7-8c47-1a659bef959d}</UniqueIdentifier>
    </Filter>
    <Filter Include="RenderDoc">
      <UniqueIdentifier>{3c7c7dfe-a91a-446e-99a9-5307cb42be22}</UniqueIdentifier>
    </Filter>
    <Filter Include="RenderPass">
      <UniqueIdentifier>{f505d4fd-aaf2-4a84-b145-25570e067cbd}</UniqueIdentifier>
    </Filter>
  </ItemGroup>
  <ItemGroup>
    <ClInclude Include="dsound_proxy.h">
      <Filter>Header Files</Filter>
    </ClInclude>
    <ClInclude Include="ExternalDependencies\imgui-1.92.8\imgui_internal.h">
      <Filter>Header Files</Filter>
    </ClInclude>
    <ClInclude Include="ExternalDependencies\imgui-1.92.8\imconfig.h">
      <Filter>imgui</Filter>
    </ClInclude>
    <ClInclude Include="ExternalDependencies\imgui-1.92.8\imgui.h">
      <Filter>imgui</Filter>
    </ClInclude>
    <ClInclude Include="ExternalDependencies\imgui-1.92.8\imstb_rectpack.h">
      <Filter>imgui</Filter>
    </ClInclude>
    <ClInclude Include="ExternalDependencies\imgui-1.92.8\imstb_textedit.h">
      <Filter>imgui</Filter>
    </ClInclude>
    <ClInclude Include="ExternalDependencies\imgui-1.92.8\imstb_truetype.h">
      <Filter>imgui</Filter>
    </ClInclude>
    <ClInclude Include="ExternalDependencies\imgui-1.92.8\backends\imgui_impl_dx12.h">
      <Filter>imgui\backends</Filter>
    </ClInclude>
    <ClInclude Include="ExternalDependencies\imgui-1.92.8\backends\imgui_impl_win32.h">
      <Filter>imgui\backends</Filter>
    </ClInclude>
    <ClInclude Include="Globals.h">
      <Filter>Header Files</Filter>
    </ClInclude>
    <ClInclude Include="Hooks.h">
      <Filter>Header Files</Filter>
    </ClInclude>
    <ClInclude Include="HookInput.h">
      <Filter>Header Files</Filter>
    </ClInclude>
    <ClInclude Include="ShaderInjectorIO.h">
      <Filter>Header Files</Filter>
    </ClInclude>
    <ClInclude Include="ShaderInjectorVersion.h">
      <Filter>Header Files</Filter>
    </ClInclude>
    <ClInclude Include="ProcessRunner.h">
      <Filter>Header Files</Filter>
    </ClInclude>
    <ClInclude Include="JsonHelper.h">
      <Filter>Header Files</Filter>
    </ClInclude>
    <ClInclude Include="ShaderTarget.h">
      <Filter>Header Files</Filter>
    </ClInclude>
    <ClInclude Include="ShaderTemplates.h">
      <Filter>Header Files</Filter>
    </ClInclude>
    <ClInclude Include="ShaderConfiguration.h">
      <Filter>Header Files</Filter>
    </ClInclude>
    <ClInclude Include="SystemInfoLogger.h">
      <Filter>Header Files</Filter>
    </ClInclude>
    <ClInclude Include="FPSCounter.h">
      <Filter>Header Files</Filter>
    </ClInclude>
    <ClInclude Include="Hash.h">
      <Filter>Header Files</Filter>
    </ClInclude>
    <ClInclude Include="Keycodes.h">
      <Filter>Header Files</Filter>
    </ClInclude>
    <ClInclude Include="StringHelper.h">
      <Filter>Header Files</Filter>
    </ClInclude>
    <ClInclude Include="VTableIndex.h">
      <Filter>Header Files</Filter>
    </ClInclude>
    <ClInclude Include="Database\DatabaseGraphicsPSOs.h">
      <Filter>Database</Filter>
    </ClInclude>
    <ClInclude Include="Database\DatabaseModifiedShaders.h">
      <Filter>Database</Filter>
    </ClInclude>
    <ClInclude Include="Database\DatabaseRenderPasses.h">
      <Filter>Database</Filter>
    </ClInclude>
    <ClInclude Include="Database\DatabaseShaderConfigurations.h">
      <Filter>Database</Filter>
    </ClInclude>
    <ClInclude Include="Database\DatabaseShaderTargets.h">
      <Filter>Database</Filter>
    </ClInclude>
    <ClInclude Include="Database\DatabaseStreamPSOs.h">
      <Filter>Database</Filter>
    </ClInclude>
    <ClInclude Include="HookD3D12\HookD3D12.h">
      <Filter>HookD3D12</Filter>
    </ClInclude>
    <ClInclude Include="HookD3D12\HookD3D12OverlayStartup.h">
      <Filter>HookD3D12</Filter>
    </ClInclude>
    <ClInclude Include="HookD3D12\HookD3D12PipelineRegistry.h">
      <Filter>HookD3D12</Filter>
    </ClInclude>
    <ClInclude Include="HookD3D12\HookD3D12PipelineUtils.h">
      <Filter>HookD3D12</Filter>
    </ClInclude>
    <ClInclude Include="HookD3D12\HookD3D12RenderPass.h">
      <Filter>HookD3D12</Filter>
    </ClInclude>
    <ClInclude Include="HookD3D12\HookD3D12ReplacementLookup.h">
      <Filter>HookD3D12</Filter>
    </ClInclude>
    <ClInclude Include="HookD3D12\HookD3D12ReplacementTemplates.h">
      <Filter>HookD3D12</Filter>
    </ClInclude>
    <ClInclude Include="HookD3D12\HookD3D12Resources.h">
      <Filter>HookD3D12</Filter>
    </ClInclude>
    <ClInclude Include="GUI\ShaderInjectorGUI.h">
      <Filter>GUI</Filter>
    </ClInclude>
    <ClInclude Include="GUI\ShaderInjectorGUITooltips.h">
      <Filter>GUI</Filter>
    </ClInclude>
    <ClInclude Include="RenderDoc\RenderDocIntegration.h">
      <Filter>RenderDoc</Filter>
    </ClInclude>
    <ClInclude Include="RenderPass\RenderPass.h">
      <Filter>RenderPass</Filter>
    </ClInclude>
    <ClInclude Include="RenderPass\RenderPassExecutor.h">
      <Filter>RenderPass</Filter>
    </ClInclude>
    <ClInclude Include="RenderPass\RenderPassMipChain.h">
      <Filter>RenderPass</Filter>
    </ClInclude>
    <ClInclude Include="RenderPass\RenderPassResourceRegistry.h">
      <Filter>RenderPass</Filter>
    </ClInclude>
    <ClInclude Include="RenderPass\RenderPassRuntime.h">
      <Filter>RenderPass</Filter>
    </ClInclude>
    <ClInclude Include="RenderPass\RenderPassShaders.h">
      <Filter>RenderPass</Filter>
    </ClInclude>
  </ItemGroup>
  <ItemGroup>
    <ClCompile Include="dllmain.cpp">
      <Filter>Source Files</Filter>
    </ClCompile>
    <ClCompile Include="dsound_proxy.cpp">
      <Filter>Source Files</Filter>
    </ClCompile>
    <ClCompile Include="ExternalDependencies\imgui-1.92.8\imgui.cpp">
      <Filter>imgui</Filter>
    </ClCompile>
    <ClCompile Include="ExternalDependencies\imgui-1.92.8\imgui_draw.cpp">
      <Filter>imgui</Filter>
    </ClCompile>
    <ClCompile Include="ExternalDependencies\imgui-1.92.8\imgui_tables.cpp">
      <Filter>imgui</Filter>
    </ClCompile>
    <ClCompile Include="ExternalDependencies\imgui-1.92.8\imgui_widgets.cpp">
      <Filter>imgui</Filter>
    </ClCompile>
    <ClCompile Include="ExternalDependencies\imgui-1.92.8\backends\imgui_impl_dx12.cpp">
      <Filter>imgui\backends</Filter>
    </ClCompile>
    <ClCompile Include="ExternalDependencies\imgui-1.92.8\backends\imgui_impl_win32.cpp">
      <Filter>imgui\backends</Filter>
    </ClCompile>
    <ClCompile Include="Globals.cpp">
      <Filter>Source Files</Filter>
    </ClCompile>
    <ClCompile Include="Hooks.cpp">
      <Filter>Source Files</Filter>
    </ClCompile>
    <ClCompile Include="HookInput.cpp">
      <Filter>Source Files</Filter>
    </ClCompile>
    <ClCompile Include="ShaderInjectorIO.cpp">
      <Filter>Source Files</Filter>
    </ClCompile>
    <ClCompile Include="ProcessRunner.cpp">
      <Filter>Source Files</Filter>
    </ClCompile>
    <ClCompile Include="ShaderAnalyzer.cpp">
      <Filter>Source Files</Filter>
    </ClCompile>
    <ClCompile Include="ShaderAnalysis.cpp">
      <Filter>Source Files</Filter>
    </ClCompile>
    <ClCompile Include="ShaderDiscovery.cpp">
      <Filter>Source Files</Filter>
    </ClCompile>
    <ClCompile Include="ShaderConfiguration.cpp">
      <Filter>Source Files</Filter>
    </ClCompile>
    <ClCompile Include="ShaderAutomaticDiscovery.cpp">
      <Filter>Source Files</Filter>
    </ClCompile>
    <ClCompile Include="ModifiedShader.cpp">
      <Filter>Source Files</Filter>
    </ClCompile>
    <ClCompile Include="ModifiedShaderCreation.cpp">
      <Filter>Source Files</Filter>
    </ClCompile>
    <ClCompile Include="ShaderTemplates.cpp">
      <Filter>Source Files</Filter>
    </ClCompile>
    <ClCompile Include="ShaderTarget.cpp">
      <Filter>Source Files</Filter>
    </ClCompile>
    <ClCompile Include="ShaderTargetSimilarity.cpp">
      <Filter>Source Files</Filter>
    </ClCompile>
    <ClCompile Include="SystemInfoLogger.cpp">
      <Filter>Source Files</Filter>
    </ClCompile>
    <ClCompile Include="FPSCounter.cpp">
      <Filter>Source Files</Filter>
    </ClCompile>
    <ClCompile Include="Hash.cpp">
      <Filter>Source Files</Filter>
    </ClCompile>
    <ClCompile Include="Keycodes.cpp">
      <Filter>Source Files</Filter>
    </ClCompile>
    <ClCompile Include="StringHelper.cpp">
      <Filter>Source Files</Filter>
    </ClCompile>
    <ClCompile Include="Database\DatabaseGraphicsPSOs.cpp">
      <Filter>Database</Filter>
    </ClCompile>
    <ClCompile Include="Database\DatabaseModifiedShaders.cpp">
      <Filter>Database</Filter>
    </ClCompile>
    <ClCompile Include="Database\DatabaseRenderPasses.cpp">
      <Filter>Database</Filter>
    </ClCompile>
    <ClCompile Include="Database\DatabaseShaderConfigurations.cpp">
      <Filter>Database</Filter>
    </ClCompile>
    <ClCompile Include="Database\DatabaseShaderTargets.cpp">
      <Filter>Database</Filter>
    </ClCompile>
    <ClCompile Include="Database\DatabaseStreamPSOs.cpp">
      <Filter>Database</Filter>
    </ClCompile>
    <ClCompile Include="HookD3D12\HookD3D12.cpp">
      <Filter>HookD3D12</Filter>
    </ClCompile>
    <ClCompile Include="HookD3D12\HookD3D12Install.cpp">
      <Filter>HookD3D12</Filter>
    </ClCompile>
    <ClCompile Include="HookD3D12\HookD3D12Originals.cpp">
      <Filter>HookD3D12</Filter>
    </ClCompile>
    <ClCompile Include="HookD3D12\HookD3D12OverlayStartup.cpp">
      <Filter>HookD3D12</Filter>
    </ClCompile>
    <ClCompile Include="HookD3D12\HookD3D12PipelineLibrary.cpp">
      <Filter>HookD3D12</Filter>
    </ClCompile>
    <ClCompile Include="HookD3D12\HookD3D12PipelineRegistry.cpp">
      <Filter>HookD3D12</Filter>
    </ClCompile>
    <ClCompile Include="HookD3D12\HookD3D12PipelineUtils.cpp">
      <Filter>HookD3D12</Filter>
    </ClCompile>
    <ClCompile Include="HookD3D12\HookD3D12RenderPass.cpp">
      <Filter>HookD3D12</Filter>
    </ClCompile>
    <ClCompile Include="HookD3D12\HookD3D12ReplacementCreation.cpp">
      <Filter>HookD3D12</Filter>
    </ClCompile>
    <ClCompile Include="HookD3D12\HookD3D12ReplacementLookup.cpp">
      <Filter>HookD3D12</Filter>
    </ClCompile>
    <ClCompile Include="HookD3D12\HookD3D12ReplacementTemplates.cpp">
      <Filter>HookD3D12</Filter>
    </ClCompile>
    <ClCompile Include="HookD3D12\HookD3D12Resources.cpp">
      <Filter>HookD3D12</Filter>
    </ClCompile>
    <ClCompile Include="HookD3D12\HookD3D12RootSignature.cpp">
      <Filter>HookD3D12</Filter>
    </ClCompile>
    <ClCompile Include="GUI\ShaderInjectorGUI.cpp">
      <Filter>GUI</Filter>
    </ClCompile>
    <ClCompile Include="RenderDoc\RenderDocIntegration.cpp">
      <Filter>RenderDoc</Filter>
    </ClCompile>
    <ClCompile Include="RenderPass\RenderPass.cpp">
      <Filter>RenderPass</Filter>
    </ClCompile>
    <ClCompile Include="RenderPass\RenderPassExecutor.cpp">
      <Filter>RenderPass</Filter>
    </ClCompile>
    <ClCompile Include="RenderPass\RenderPassMipChain.cpp">
      <Filter>RenderPass</Filter>
    </ClCompile>
    <ClCompile Include="RenderPass\RenderPassResourceRegistry.cpp">
      <Filter>RenderPass</Filter>
    </ClCompile>
    <ClCompile Include="RenderPass\RenderPassRuntime.cpp">
      <Filter>RenderPass</Filter>
    </ClCompile>
    <ClCompile Include="RenderPass\RenderPassShaders.cpp">
      <Filter>RenderPass</Filter>
    </ClCompile>
  </ItemGroup>
  <ItemGroup>
    <ResourceCompile Include="ShaderInjector.rc">
      <Filter>Resource Files</Filter>
    </ResourceCompile>
  </ItemGroup>
  <ItemGroup>
    <None Include="Build\FinalizeRelease.ps1" />
    <None Include="Build\RELEASE_SECURITY.md" />
    <None Include="Build\Signing.md" />
  </ItemGroup>
</Project>
